
Microsoft Visual Studio Solution File, Format Version 12.00
# Visual Studio Version 17
VisualStudioVersion = 17.0.32112.339
MinimumVisualStudioVersion = 10.0.40219.1
Project("{9A19103F-16F7-4668-BE54-9A1E7A4F7556}") = "LI4Test", "LI4Test\LI4Test.csproj", "{0CC65979-F0CE-4B35-81D8-33C24AA41CEA}"
EndProject
Project("{FAE04EC0-301F-11D3-BF4B-00C04F79EFBC}") = "BlazorApp1", "BlazorApp1\BlazorApp1.csproj", "{02F911FF-3691-47AD-B5E7-8220941D1AE8}"
EndProject
Global
	GlobalSection(SolutionConfigurationPlatforms) = preSolution
		Debug|Any CPU = Debug|Any CPU
		Release|Any CPU = Release|Any CPU
	EndGlobalSection
	GlobalSection(ProjectConfigurationPlatforms) = postSolution
		{0CC65979-F0CE-4B35-81D8-33C24AA41CEA}.Debug|Any CPU.ActiveCfg = Debug|Any CPU
		{0CC65979-F0CE-4B35-81D8-33C24AA41CEA}.Debug|Any CPU.Build.0 = Debug|Any CPU
		{0CC65979-F0CE-4B35-81D8-33C24AA41CEA}.Release|Any CPU.ActiveCfg = Release|Any CPU
		{0CC65979-F0CE-4B35-81D8-33C24AA41CEA}.Release|Any CPU.Build.0 = Release|Any CPU
		{02F911FF-3691-47AD-B5E7-8220941D1AE8}.Debug|Any CPU.ActiveCfg = Debug|Any CPU
		{02F911FF-3691-47AD-B5E7-8220941D1AE8}.Debug|Any CPU.Build.0 = Debug|Any CPU
		{02F911FF-3691-47AD-B5E7-8220941D1AE8}.Release|Any CPU.ActiveCfg = Release|Any CPU
		{02F911FF-3691-47AD-B5E7-8220941D1AE8}.Release|Any CPU.Build.0 = Release|Any CPU
	EndGlobalSection
	GlobalSection(SolutionProperties) = preSolution
		HideSolutionNode = FALSE
	EndGlobalSection
	GlobalSection(ExtensibilityGlobals) = postSolution
		SolutionGuid = {75FBF538-008C-4EA7-A77D-E5E45EDCEA58}
	EndGlobalSection
EndGlobal
